
Microsoft Visual Studio Solution File, Format Version 12.00
# Visual Studio Version 17
VisualStudioVersion = 17.1.32319.34
MinimumVisualStudioVersion = 10.0.40219.1
Project("{9A19103F-16F7-4668-BE54-9A1E7A4F7556}") = "KomisSamochodowy", "Komis\KomisSamochodowy.csproj", "{21502103-D9D4-4C7C-823D-3D91F27E6FC2}"
EndProject
Global
	GlobalSection(SolutionConfigurationPlatforms) = preSolution
		Debug|Any CPU = Debug|Any CPU
		Release|Any CPU = Release|Any CPU
	EndGlobalSection
	GlobalSection(ProjectConfigurationPlatforms) = postSolution
		{21502103-D9D4-4C7C-823D-3D91F27E6FC2}.Debug|Any CPU.ActiveCfg = Debug|Any CPU
		{21502103-D9D4-4C7C-823D-3D91F27E6FC2}.Debug|Any CPU.Build.0 = Debug|Any CPU
		{21502103-D9D4-4C7C-823D-3D91F27E6FC2}.Release|Any CPU.ActiveCfg = Release|Any CPU
		{21502103-D9D4-4C7C-823D-3D91F27E6FC2}.Release|Any CPU.Build.0 = Release|Any CPU
	EndGlobalSection
	GlobalSection(SolutionProperties) = preSolution
		HideSolutionNode = FALSE
	EndGlobalSection
	GlobalSection(ExtensibilityGlobals) = postSolution
		SolutionGuid = {B287FAE5-7BFD-4AAA-B2D3-548D8F0E1BF0}
	EndGlobalSection
EndGlobal
